{
  "name": "HCI436",
  "lockfileVersion": 3,
  "requires": true,
  "packages": {
    "": {
      "dependencies": {
        "p5": "^1.9.2"
      }
    },
    "node_modules/p5": {
      "version": "1.9.2",
      "resolved": "https://registry.npmjs.org/p5/-/p5-1.9.2.tgz",
      "integrity": "sha512-fV8Td9Q1qlYXRXPLNrclRsgzXxPp/EuDlJUteV1XEtsy0JwjjCVteCrv7TTCU71BSoEtmuQ/51BIVRUJi/0gEw=="
    }
  }
}
